
Microsoft Visual Studio Solution File, Format Version 12.00
# Visual Studio Version 17
VisualStudioVersion = 17.13.35931.197
MinimumVisualStudioVersion = 10.0.40219.1
Project("{FAE04EC0-301F-11D3-BF4B-00C04F79EFBC}") = "TuneLift", "TuneLift\TuneLift.csproj", "{89FC2AE8-E467-4CE4-895C-48E1F3276B45}"
EndProject
Global
	GlobalSection(SolutionConfigurationPlatforms) = preSolution
		Debug|Any CPU = Debug|Any CPU
		Release|Any CPU = Release|Any CPU
	EndGlobalSection
	GlobalSection(ProjectConfigurationPlatforms) = postSolution
		{89FC2AE8-E467-4CE4-895C-48E1F3276B45}.Debug|Any CPU.ActiveCfg = Debug|Any CPU
		{89FC2AE8-E467-4CE4-895C-48E1F3276B45}.Debug|Any CPU.Build.0 = Debug|Any CPU
		{89FC2AE8-E467-4CE4-895C-48E1F3276B45}.Release|Any CPU.ActiveCfg = Release|Any CPU
		{89FC2AE8-E467-4CE4-895C-48E1F3276B45}.Release|Any CPU.Build.0 = Release|Any CPU
	EndGlobalSection
	GlobalSection(SolutionProperties) = preSolution
		HideSolutionNode = FALSE
	EndGlobalSection
	GlobalSection(ExtensibilityGlobals) = postSolution
		SolutionGuid = {AE1A2366-091D-4BAC-9E61-919D7E40C999}
	EndGlobalSection
EndGlobal
